
Microsoft Visual Studio Solution File, Format Version 12.00
# Visual Studio Version 16
VisualStudioVersion = 16.0.30621.155
MinimumVisualStudioVersion = 10.0.40219.1
Project("{FAE04EC0-301F-11D3-BF4B-00C04F79EFBC}") = "Multimus.UWP", "Multimus\Multimus.UWP\Multimus.UWP.csproj", "{E090022D-8AA2-4C90-8C84-CF733374EC1D}"
EndProject
Project("{FAE04EC0-301F-11D3-BF4B-00C04F79EFBC}") = "Multimus.Android", "Multimus\Multimus.Android\Multimus.Android.csproj", "{478123B3-B8A6-49CE-89EF-9AA31616F628}"
EndProject
Project("{9A19103F-16F7-4668-BE54-9A1E7A4F7556}") = "Multimus", "Multimus\Multimus\Multimus.csproj", "{7A973B3C-B774-436E-8E37-B08FA7B3C88F}"
EndProject
Project("{FAE04EC0-301F-11D3-BF4B-00C04F79EFBC}") = "Multimus.WPF", "Multimus\Multimus.WPF\Multimus.WPF.csproj", "{FAC45D36-FFD5-4879-A2EE-60BF173C81A2}"
EndProject
Project("{9A19103F-16F7-4668-BE54-9A1E7A4F7556}") = "Multimus.Plugin", "Multimus\Multimus.Plugin\Multimus.Plugin.csproj", "{51228958-3490-4FFE-8DA8-EC0200296B12}"
EndProject
Project("{FAE04EC0-301F-11D3-BF4B-00C04F79EFBC}") = "Multimus.Plugin.VLC", "Multimus\Multimus.Plugin.VLC\Multimus.Plugin.VLC.csproj", "{23AA0850-BEB2-4A9E-A9BE-6439AC8A807F}"
EndProject
Global
	GlobalSection(SolutionConfigurationPlatforms) = preSolution
		Debug|Any CPU = Debug|Any CPU
		Debug|ARM = Debug|ARM
		Debug|x64 = Debug|x64
		Debug|x86 = Debug|x86
		Release|Any CPU = Release|Any CPU
		Release|ARM = Release|ARM
		Release|x64 = Release|x64
		Release|x86 = Release|x86
	EndGlobalSection
	GlobalSection(ProjectConfigurationPlatforms) = postSolution
		{E090022D-8AA2-4C90-8C84-CF733374EC1D}.Debug|Any CPU.ActiveCfg = Debug|x86
		{E090022D-8AA2-4C90-8C84-CF733374EC1D}.Debug|Any CPU.Build.0 = Debug|x86
		{E090022D-8AA2-4C90-8C84-CF733374EC1D}.Debug|Any CPU.Deploy.0 = Debug|x86
		{E090022D-8AA2-4C90-8C84-CF733374EC1D}.Debug|ARM.ActiveCfg = Debug|ARM
		{E090022D-8AA2-4C90-8C84-CF733374EC1D}.Debug|ARM.Build.0 = Debug|ARM
		{E090022D-8AA2-4C90-8C84-CF733374EC1D}.Debug|ARM.Deploy.0 = Debug|ARM
		{E090022D-8AA2-4C90-8C84-CF733374EC1D}.Debug|x64.ActiveCfg = Debug|x64
		{E090022D-8AA2-4C90-8C84-CF733374EC1D}.Debug|x64.Build.0 = Debug|x64
		{E090022D-8AA2-4C90-8C84-CF733374EC1D}.Debug|x64.Deploy.0 = Debug|x64
		{E090022D-8AA2-4C90-8C84-CF733374EC1D}.Debug|x86.ActiveCfg = Debug|x86
		{E090022D-8AA2-4C90-8C84-CF733374EC1D}.Debug|x86.Build.0 = Debug|x86
		{E090022D-8AA2-4C90-8C84-CF733374EC1D}.Debug|x86.Deploy.0 = Debug|x86
		{E090022D-8AA2-4C90-8C84-CF733374EC1D}.Release|Any CPU.ActiveCfg = Release|x86
		{E090022D-8AA2-4C90-8C84-CF733374EC1D}.Release|Any CPU.Build.0 = Release|x86
		{E090022D-8AA2-4C90-8C84-CF733374EC1D}.Release|Any CPU.Deploy.0 = Release|x86
		{E090022D-8AA2-4C90-8C84-CF733374EC1D}.Release|ARM.ActiveCfg = Release|ARM
		{E090022D-8AA2-4C90-8C84-CF733374EC1D}.Release|ARM.Build.0 = Release|ARM
		{E090022D-8AA2-4C90-8C84-CF733374EC1D}.Release|ARM.Deploy.0 = Release|ARM
		{E090022D-8AA2-4C90-8C84-CF733374EC1D}.Release|x64.ActiveCfg = Release|x64
		{E090022D-8AA2-4C90-8C84-CF733374EC1D}.Release|x64.Build.0 = Release|x64
		{E090022D-8AA2-4C90-8C84-CF733374EC1D}.Release|x64.Deploy.0 = Release|x64
		{E090022D-8AA2-4C90-8C84-CF733374EC1D}.Release|x86.ActiveCfg = Release|x86
		{E090022D-8AA2-4C90-8C84-CF733374EC1D}.Release|x86.Build.0 = Release|x86
		{E090022D-8AA2-4C90-8C84-CF733374EC1D}.Release|x86.Deploy.0 = Release|x86
		{478123B3-B8A6-49CE-89EF-9AA31616F628}.Debug|Any CPU.ActiveCfg = Debug|Any CPU
		{478123B3-B8A6-49CE-89EF-9AA31616F628}.Debug|Any CPU.Build.0 = Debug|Any CPU
		{478123B3-B8A6-49CE-89EF-9AA31616F628}.Debug|Any CPU.Deploy.0 = Debug|Any CPU
		{478123B3-B8A6-49CE-89EF-9AA31616F628}.Debug|ARM.ActiveCfg = Debug|Any CPU
		{478123B3-B8A6-49CE-89EF-9AA31616F628}.Debug|ARM.Build.0 = Debug|Any CPU
		{478123B3-B8A6-49CE-89EF-9AA31616F628}.Debug|ARM.Deploy.0 = Debug|Any CPU
		{478123B3-B8A6-49CE-89EF-9AA31616F628}.Debug|x64.ActiveCfg = Debug|Any CPU
		{478123B3-B8A6-49CE-89EF-9AA31616F628}.Debug|x64.Build.0 = Debug|Any CPU
		{478123B3-B8A6-49CE-89EF-9AA31616F628}.Debug|x64.Deploy.0 = Debug|Any CPU
		{478123B3-B8A6-49CE-89EF-9AA31616F628}.Debug|x86.ActiveCfg = Debug|Any CPU
		{478123B3-B8A6-49CE-89EF-9AA31616F628}.Debug|x86.Build.0 = Debug|Any CPU
		{478123B3-B8A6-49CE-89EF-9AA31616F628}.Debug|x86.Deploy.0 = Debug|Any CPU
		{478123B3-B8A6-49CE-89EF-9AA31616F628}.Release|Any CPU.ActiveCfg = Release|Any CPU
		{478123B3-B8A6-49CE-89EF-9AA31616F628}.Release|Any CPU.Build.0 = Release|Any CPU
		{478123B3-B8A6-49CE-89EF-9AA31616F628}.Release|Any CPU.Deploy.0 = Release|Any CPU
		{478123B3-B8A6-49CE-89EF-9AA31616F628}.Release|ARM.ActiveCfg = Release|Any CPU
		{478123B3-B8A6-49CE-89EF-9AA31616F628}.Release|ARM.Build.0 = Release|Any CPU
		{478123B3-B8A6-49CE-89EF-9AA31616F628}.Release|ARM.Deploy.0 = Release|Any CPU
		{478123B3-B8A6-49CE-89EF-9AA31616F628}.Release|x64.ActiveCfg = Release|Any CPU
		{478123B3-B8A6-49CE-89EF-9AA31616F628}.Release|x64.Build.0 = Release|Any CPU
		{478123B3-B8A6-49CE-89EF-9AA31616F628}.Release|x64.Deploy.0 = Release|Any CPU
		{478123B3-B8A6-49CE-89EF-9AA31616F628}.Release|x86.ActiveCfg = Release|Any CPU
		{478123B3-B8A6-49CE-89EF-9AA31616F628}.Release|x86.Build.0 = Release|Any CPU
		{478123B3-B8A6-49CE-89EF-9AA31616F628}.Release|x86.Deploy.0 = Release|Any CPU
		{7A973B3C-B774-436E-8E37-B08FA7B3C88F}.Debug|Any CPU.ActiveCfg = Debug|Any CPU
		{7A973B3C-B774-436E-8E37-B08FA7B3C88F}.Debug|Any CPU.Build.0 = Debug|Any CPU
		{7A973B3C-B774-436E-8E37-B08FA7B3C88F}.Debug|Any CPU.Deploy.0 = Debug|Any CPU
		{7A973B3C-B774-436E-8E37-B08FA7B3C88F}.Debug|ARM.ActiveCfg = Debug|Any CPU
		{7A973B3C-B774-436E-8E37-B08FA7B3C88F}.Debug|ARM.Build.0 = Debug|Any CPU
		{7A973B3C-B774-436E-8E37-B08FA7B3C88F}.Debug|ARM.Deploy.0 = Debug|Any CPU
		{7A973B3C-B774-436E-8E37-B08FA7B3C88F}.Debug|x64.ActiveCfg = Debug|Any CPU
		{7A973B3C-B774-436E-8E37-B08FA7B3C88F}.Debug|x64.Build.0 = Debug|Any CPU
		{7A973B3C-B774-436E-8E37-B08FA7B3C88F}.Debug|x64.Deploy.0 = Debug|Any CPU
		{7A973B3C-B774-436E-8E37-B08FA7B3C88F}.Debug|x86.ActiveCfg = Debug|Any CPU
		{7A973B3C-B774-436E-8E37-B08FA7B3C88F}.Debug|x86.Build.0 = Debug|Any CPU
		{7A973B3C-B774-436E-8E37-B08FA7B3C88F}.Debug|x86.Deploy.0 = Debug|Any CPU
		{7A973B3C-B774-436E-8E37-B08FA7B3C88F}.Release|Any CPU.ActiveCfg = Release|Any CPU
		{7A973B3C-B774-436E-8E37-B08FA7B3C88F}.Release|Any CPU.Build.0 = Release|Any CPU
		{7A973B3C-B774-436E-8E37-B08FA7B3C88F}.Release|Any CPU.Deploy.0 = Release|Any CPU
		{7A973B3C-B774-436E-8E37-B08FA7B3C88F}.Release|ARM.ActiveCfg = Release|Any CPU
		{7A973B3C-B774-436E-8E37-B08FA7B3C88F}.Release|ARM.Build.0 = Release|Any CPU
		{7A973B3C-B774-436E-8E37-B08FA7B3C88F}.Release|ARM.Deploy.0 = Release|Any CPU
		{7A973B3C-B774-436E-8E37-B08FA7B3C88F}.Release|x64.ActiveCfg = Release|Any CPU
		{7A973B3C-B774-436E-8E37-B08FA7B3C88F}.Release|x64.Build.0 = Release|Any CPU
		{7A973B3C-B774-436E-8E37-B08FA7B3C88F}.Release|x64.Deploy.0 = Release|Any CPU
		{7A973B3C-B774-436E-8E37-B08FA7B3C88F}.Release|x86.ActiveCfg = Release|Any CPU
		{7A973B3C-B774-436E-8E37-B08FA7B3C88F}.Release|x86.Build.0 = Release|Any CPU
		{7A973B3C-B774-436E-8E37-B08FA7B3C88F}.Release|x86.Deploy.0 = Release|Any CPU
		{FAC45D36-FFD5-4879-A2EE-60BF173C81A2}.Debug|Any CPU.ActiveCfg = Debug|Any CPU
		{FAC45D36-FFD5-4879-A2EE-60BF173C81A2}.Debug|Any CPU.Build.0 = Debug|Any CPU
		{FAC45D36-FFD5-4879-A2EE-60BF173C81A2}.Debug|ARM.ActiveCfg = Debug|Any CPU
		{FAC45D36-FFD5-4879-A2EE-60BF173C81A2}.Debug|ARM.Build.0 = Debug|Any CPU
		{FAC45D36-FFD5-4879-A2EE-60BF173C81A2}.Debug|x64.ActiveCfg = Debug|Any CPU
		{FAC45D36-FFD5-4879-A2EE-60BF173C81A2}.Debug|x64.Build.0 = Debug|Any CPU
		{FAC45D36-FFD5-4879-A2EE-60BF173C81A2}.Debug|x86.ActiveCfg = Debug|Any CPU
		{FAC45D36-FFD5-4879-A2EE-60BF173C81A2}.Debug|x86.Build.0 = Debug|Any CPU
		{FAC45D36-FFD5-4879-A2EE-60BF173C81A2}.Release|Any CPU.ActiveCfg = Release|Any CPU
		{FAC45D36-FFD5-4879-A2EE-60BF173C81A2}.Release|Any CPU.Build.0 = Release|Any CPU
		{FAC45D36-FFD5-4879-A2EE-60BF173C81A2}.Release|ARM.ActiveCfg = Release|Any CPU
		{FAC45D36-FFD5-4879-A2EE-60BF173C81A2}.Release|ARM.Build.0 = Release|Any CPU
		{FAC45D36-FFD5-4879-A2EE-60BF173C81A2}.Release|x64.ActiveCfg = Release|Any CPU
		{FAC45D36-FFD5-4879-A2EE-60BF173C81A2}.Release|x64.Build.0 = Release|Any CPU
		{FAC45D36-FFD5-4879-A2EE-60BF173C81A2}.Release|x86.ActiveCfg = Release|Any CPU
		{FAC45D36-FFD5-4879-A2EE-60BF173C81A2}.Release|x86.Build.0 = Release|Any CPU
		{51228958-3490-4FFE-8DA8-EC0200296B12}.Debug|Any CPU.ActiveCfg = Debug|Any CPU
		{51228958-3490-4FFE-8DA8-EC0200296B12}.Debug|Any CPU.Build.0 = Debug|Any CPU
		{51228958-3490-4FFE-8DA8-EC0200296B12}.Debug|ARM.ActiveCfg = Debug|Any CPU
		{51228958-3490-4FFE-8DA8-EC0200296B12}.Debug|ARM.Build.0 = Debug|Any CPU
		{51228958-3490-4FFE-8DA8-EC0200296B12}.Debug|x64.ActiveCfg = Debug|Any CPU
		{51228958-3490-4FFE-8DA8-EC0200296B12}.Debug|x64.Build.0 = Debug|Any CPU
		{51228958-3490-4FFE-8DA8-EC0200296B12}.Debug|x86.ActiveCfg = Debug|Any CPU
		{51228958-3490-4FFE-8DA8-EC0200296B12}.Debug|x86.Build.0 = Debug|Any CPU
		{51228958-3490-4FFE-8DA8-EC0200296B12}.Release|Any CPU.ActiveCfg = Release|Any CPU
		{51228958-3490-4FFE-8DA8-EC0200296B12}.Release|Any CPU.Build.0 = Release|Any CPU
		{51228958-3490-4FFE-8DA8-EC0200296B12}.Release|ARM.ActiveCfg = Release|Any CPU
		{51228958-3490-4FFE-8DA8-EC0200296B12}.Release|ARM.Build.0 = Release|Any CPU
		{51228958-3490-4FFE-8DA8-EC0200296B12}.Release|x64.ActiveCfg = Release|Any CPU
		{51228958-3490-4FFE-8DA8-EC0200296B12}.Release|x64.Build.0 = Release|Any CPU
		{51228958-3490-4FFE-8DA8-EC0200296B12}.Release|x86.ActiveCfg = Release|Any CPU
		{51228958-3490-4FFE-8DA8-EC0200296B12}.Release|x86.Build.0 = Release|Any CPU
		{23AA0850-BEB2-4A9E-A9BE-6439AC8A807F}.Debug|Any CPU.ActiveCfg = Debug|Any CPU
		{23AA0850-BEB2-4A9E-A9BE-6439AC8A807F}.Debug|Any CPU.Build.0 = Debug|Any CPU
		{23AA0850-BEB2-4A9E-A9BE-6439AC8A807F}.Debug|ARM.ActiveCfg = Debug|Any CPU
		{23AA0850-BEB2-4A9E-A9BE-6439AC8A807F}.Debug|ARM.Build.0 = Debug|Any CPU
		{23AA0850-BEB2-4A9E-A9BE-6439AC8A807F}.Debug|x64.ActiveCfg = Debug|Any CPU
		{23AA0850-BEB2-4A9E-A9BE-6439AC8A807F}.Debug|x64.Build.0 = Debug|Any CPU
		{23AA0850-BEB2-4A9E-A9BE-6439AC8A807F}.Debug|x86.ActiveCfg = Debug|Any CPU
		{23AA0850-BEB2-4A9E-A9BE-6439AC8A807F}.Debug|x86.Build.0 = Debug|Any CPU
		{23AA0850-BEB2-4A9E-A9BE-6439AC8A807F}.Release|Any CPU.ActiveCfg = Release|Any CPU
		{23AA0850-BEB2-4A9E-A9BE-6439AC8A807F}.Release|Any CPU.Build.0 = Release|Any CPU
		{23AA0850-BEB2-4A9E-A9BE-6439AC8A807F}.Release|ARM.ActiveCfg = Release|Any CPU
		{23AA0850-BEB2-4A9E-A9BE-6439AC8A807F}.Release|ARM.Build.0 = Release|Any CPU
		{23AA0850-BEB2-4A9E-A9BE-6439AC8A807F}.Release|x64.ActiveCfg = Release|Any CPU
		{23AA0850-BEB2-4A9E-A9BE-6439AC8A807F}.Release|x64.Build.0 = Release|Any CPU
		{23AA0850-BEB2-4A9E-A9BE-6439AC8A807F}.Release|x86.ActiveCfg = Release|Any CPU
		{23AA0850-BEB2-4A9E-A9BE-6439AC8A807F}.Release|x86.Build.0 = Release|Any CPU
	EndGlobalSection
	GlobalSection(SolutionProperties) = preSolution
		HideSolutionNode = FALSE
	EndGlobalSection
	GlobalSection(ExtensibilityGlobals) = postSolution
		SolutionGuid = {5BE46E1E-72B5-4521-91E1-E2F98A3B5ACB}
	EndGlobalSection
EndGlobal
